
Microsoft Visual Studio Solution File, Format Version 12.00
# Visual Studio Version 17
VisualStudioVersion = 17.0.31903.59
MinimumVisualStudioVersion = 10.0.40219.1
Project("{9A19103F-16F7-4668-BE54-9A1E7A4F7556}") = "UnitTestingBase", "UnitTestingBase.csproj", "{81F7BB40-FE18-4AFA-B131-28828A646487}"
EndProject
Global
	GlobalSection(SolutionConfigurationPlatforms) = preSolution
		Debug|Any CPU = Debug|Any CPU
		Release|Any CPU = Release|Any CPU
	EndGlobalSection
	GlobalSection(ProjectConfigurationPlatforms) = postSolution
		{81F7BB40-FE18-4AFA-B131-28828A646487}.Debug|Any CPU.ActiveCfg = Debug|Any CPU
		{81F7BB40-FE18-4AFA-B131-28828A646487}.Debug|Any CPU.Build.0 = Debug|Any CPU
		{81F7BB40-FE18-4AFA-B131-28828A646487}.Release|Any CPU.ActiveCfg = Release|Any CPU
		{81F7BB40-FE18-4AFA-B131-28828A646487}.Release|Any CPU.Build.0 = Release|Any CPU
	EndGlobalSection
	GlobalSection(SolutionProperties) = preSolution
		HideSolutionNode = FALSE
	EndGlobalSection
	GlobalSection(ExtensibilityGlobals) = postSolution
		SolutionGuid = {B56AE607-0089-450B-A014-A2475EC9EE0E}
	EndGlobalSection
	GlobalSection(TeamFoundationVersionControl) = preSolution
		SccNumberOfProjects = 2
		SccEnterpriseProvider = {4CA58AB2-18FA-4F8D-95D4-32DDF27D184C}
		SccTeamFoundationServer = https://dev.azure.com/trwinker
		SccLocalPath0 = .
		SccProjectUniqueName1 = UnitTestingBase.csproj
		SccLocalPath1 = .
	EndGlobalSection
EndGlobal
