
Microsoft Visual Studio Solution File, Format Version 12.00
# Visual Studio Version 17
VisualStudioVersion = 17.0.31903.59
MinimumVisualStudioVersion = 10.0.40219.1
Project("{FAE04EC0-301F-11D3-BF4B-00C04F79EFBC}") = "Serialization", "Serialization.csproj", "{820D766E-D9A5-4DCC-9B51-C7FEAC29B4BE}"
EndProject
Project("{FAE04EC0-301F-11D3-BF4B-00C04F79EFBC}") = "Serialization.Test", "Serialization.Test\Serialization.Test.csproj", "{2A91D25D-E362-4DDE-B3BC-409D512DAC67}"
EndProject
Project("{9A19103F-16F7-4668-BE54-9A1E7A4F7556}") = "UnitTestingBase", "..\..\UnitTesting\UnitTestingBase\UnitTestingBase.csproj", "{BE35A976-D7A6-4C69-A3D0-F2E3D5FA3252}"
EndProject
Global
	GlobalSection(SolutionConfigurationPlatforms) = preSolution
		Debug|Any CPU = Debug|Any CPU
		Release|Any CPU = Release|Any CPU
	EndGlobalSection
	GlobalSection(ProjectConfigurationPlatforms) = postSolution
		{820D766E-D9A5-4DCC-9B51-C7FEAC29B4BE}.Debug|Any CPU.ActiveCfg = Debug|Any CPU
		{820D766E-D9A5-4DCC-9B51-C7FEAC29B4BE}.Debug|Any CPU.Build.0 = Debug|Any CPU
		{820D766E-D9A5-4DCC-9B51-C7FEAC29B4BE}.Release|Any CPU.ActiveCfg = Release|Any CPU
		{820D766E-D9A5-4DCC-9B51-C7FEAC29B4BE}.Release|Any CPU.Build.0 = Release|Any CPU
		{2A91D25D-E362-4DDE-B3BC-409D512DAC67}.Debug|Any CPU.ActiveCfg = Debug|Any CPU
		{2A91D25D-E362-4DDE-B3BC-409D512DAC67}.Debug|Any CPU.Build.0 = Debug|Any CPU
		{2A91D25D-E362-4DDE-B3BC-409D512DAC67}.Release|Any CPU.ActiveCfg = Release|Any CPU
		{2A91D25D-E362-4DDE-B3BC-409D512DAC67}.Release|Any CPU.Build.0 = Release|Any CPU
		{BE35A976-D7A6-4C69-A3D0-F2E3D5FA3252}.Debug|Any CPU.ActiveCfg = Debug|Any CPU
		{BE35A976-D7A6-4C69-A3D0-F2E3D5FA3252}.Debug|Any CPU.Build.0 = Debug|Any CPU
		{BE35A976-D7A6-4C69-A3D0-F2E3D5FA3252}.Release|Any CPU.ActiveCfg = Release|Any CPU
		{BE35A976-D7A6-4C69-A3D0-F2E3D5FA3252}.Release|Any CPU.Build.0 = Release|Any CPU
	EndGlobalSection
	GlobalSection(SolutionProperties) = preSolution
		HideSolutionNode = FALSE
	EndGlobalSection
	GlobalSection(ExtensibilityGlobals) = postSolution
		SolutionGuid = {E9BC84B3-B1AD-4154-8F2E-0C1793796E09}
	EndGlobalSection
	GlobalSection(TeamFoundationVersionControl) = preSolution
		SccNumberOfProjects = 4
		SccEnterpriseProvider = {4CA58AB2-18FA-4F8D-95D4-32DDF27D184C}
		SccTeamFoundationServer = https://dev.azure.com/trwinker
		SccLocalPath0 = .
		SccProjectUniqueName1 = Serialization.Test\\Serialization.Test.csproj
		SccProjectName1 = Serialization.Test
		SccLocalPath1 = Serialization.Test
		SccProjectUniqueName2 = Serialization.csproj
		SccLocalPath2 = .
		SccProjectUniqueName3 = ..\\..\\UnitTesting\\UnitTestingBase\\UnitTestingBase.csproj
		SccProjectName3 = ../../UnitTesting/UnitTestingBase
		SccLocalPath3 = ..\\..\\UnitTesting\\UnitTestingBase
	EndGlobalSection
EndGlobal
