
Microsoft Visual Studio Solution File, Format Version 12.00
# Visual Studio Version 17
VisualStudioVersion = 17.0.31903.59
MinimumVisualStudioVersion = 10.0.40219.1
Project("{9A19103F-16F7-4668-BE54-9A1E7A4F7556}") = "Graphics", "Graphics.csproj", "{3A1C0C02-EC54-480D-966D-B71D52B786A3}"
EndProject
Project("{9A19103F-16F7-4668-BE54-9A1E7A4F7556}") = "Graphics.Test", "Graphics.Test\Graphics.Test.csproj", "{14E0FC01-CBCE-419C-B38E-CDE17392A873}"
EndProject
Global
	GlobalSection(SolutionConfigurationPlatforms) = preSolution
		Debug|Any CPU = Debug|Any CPU
		Release|Any CPU = Release|Any CPU
	EndGlobalSection
	GlobalSection(ProjectConfigurationPlatforms) = postSolution
		{3A1C0C02-EC54-480D-966D-B71D52B786A3}.Debug|Any CPU.ActiveCfg = Debug|Any CPU
		{3A1C0C02-EC54-480D-966D-B71D52B786A3}.Debug|Any CPU.Build.0 = Debug|Any CPU
		{3A1C0C02-EC54-480D-966D-B71D52B786A3}.Release|Any CPU.ActiveCfg = Release|Any CPU
		{3A1C0C02-EC54-480D-966D-B71D52B786A3}.Release|Any CPU.Build.0 = Release|Any CPU
		{14E0FC01-CBCE-419C-B38E-CDE17392A873}.Debug|Any CPU.ActiveCfg = Debug|Any CPU
		{14E0FC01-CBCE-419C-B38E-CDE17392A873}.Debug|Any CPU.Build.0 = Debug|Any CPU
		{14E0FC01-CBCE-419C-B38E-CDE17392A873}.Release|Any CPU.ActiveCfg = Release|Any CPU
		{14E0FC01-CBCE-419C-B38E-CDE17392A873}.Release|Any CPU.Build.0 = Release|Any CPU
	EndGlobalSection
	GlobalSection(SolutionProperties) = preSolution
		HideSolutionNode = FALSE
	EndGlobalSection
	GlobalSection(ExtensibilityGlobals) = postSolution
		SolutionGuid = {FBD60D23-9043-44F0-A297-EE3ACB3BE36B}
	EndGlobalSection
	GlobalSection(TeamFoundationVersionControl) = preSolution
		SccNumberOfProjects = 1
		SccEnterpriseProvider = {4CA58AB2-18FA-4F8D-95D4-32DDF27D184C}
		SccTeamFoundationServer = https://dev.azure.com/trwinker
		SccProjectUniqueName0 = Graphics.Test\\Graphics.Test.csproj
		SccProjectName0 = Graphics.Test
		SccAuxPath0 = https://dev.azure.com/trwinker
		SccLocalPath0 = Graphics.Test
		SccProvider0 = {4CA58AB2-18FA-4F8D-95D4-32DDF27D184C}
	EndGlobalSection
EndGlobal
