
Microsoft Visual Studio Solution File, Format Version 12.00
# Visual Studio Version 16
VisualStudioVersion = 16.0.29326.143
MinimumVisualStudioVersion = 10.0.40219.1
Project("{FAE04EC0-301F-11D3-BF4B-00C04F79EFBC}") = "Maps", "Maps.csproj", "{28C688C0-5810-41E7-BA89-B866030B96BC}"
EndProject
Project("{FAE04EC0-301F-11D3-BF4B-00C04F79EFBC}") = "Core", "..\..\CommonLibraries\Core\Core.csproj", "{703375AF-8BEC-48FB-9D44-AF9C9FEA0765}"
EndProject
Project("{FAE04EC0-301F-11D3-BF4B-00C04F79EFBC}") = "Maps.Test", "Maps.Test\Maps.Test.csproj", "{3D3B0A41-ACDF-4758-9E8E-9737B99CED20}"
EndProject
Project("{FAE04EC0-301F-11D3-BF4B-00C04F79EFBC}") = "UnitTestingBase", "..\..\UnitTesting\UnitTestingBase\UnitTestingBase.csproj", "{41BBB6B5-5D06-4291-A820-C4F71E110ECC}"
EndProject
Project("{9A19103F-16F7-4668-BE54-9A1E7A4F7556}") = "ProceduralAlgorithms", "..\..\CommonLibraries\ProceduralAlgorithms\ProceduralAlgorithms.csproj", "{74F861DE-2259-449B-BB95-F8A618A896B6}"
EndProject
Global
	GlobalSection(SolutionConfigurationPlatforms) = preSolution
		Debug|Any CPU = Debug|Any CPU
		Release|Any CPU = Release|Any CPU
	EndGlobalSection
	GlobalSection(ProjectConfigurationPlatforms) = postSolution
		{28C688C0-5810-41E7-BA89-B866030B96BC}.Debug|Any CPU.ActiveCfg = Debug|Any CPU
		{28C688C0-5810-41E7-BA89-B866030B96BC}.Debug|Any CPU.Build.0 = Debug|Any CPU
		{28C688C0-5810-41E7-BA89-B866030B96BC}.Release|Any CPU.ActiveCfg = Release|Any CPU
		{28C688C0-5810-41E7-BA89-B866030B96BC}.Release|Any CPU.Build.0 = Release|Any CPU
		{703375AF-8BEC-48FB-9D44-AF9C9FEA0765}.Debug|Any CPU.ActiveCfg = Debug|Any CPU
		{703375AF-8BEC-48FB-9D44-AF9C9FEA0765}.Debug|Any CPU.Build.0 = Debug|Any CPU
		{703375AF-8BEC-48FB-9D44-AF9C9FEA0765}.Release|Any CPU.ActiveCfg = Release|Any CPU
		{703375AF-8BEC-48FB-9D44-AF9C9FEA0765}.Release|Any CPU.Build.0 = Release|Any CPU
		{3D3B0A41-ACDF-4758-9E8E-9737B99CED20}.Debug|Any CPU.ActiveCfg = Debug|Any CPU
		{3D3B0A41-ACDF-4758-9E8E-9737B99CED20}.Debug|Any CPU.Build.0 = Debug|Any CPU
		{3D3B0A41-ACDF-4758-9E8E-9737B99CED20}.Release|Any CPU.ActiveCfg = Release|Any CPU
		{3D3B0A41-ACDF-4758-9E8E-9737B99CED20}.Release|Any CPU.Build.0 = Release|Any CPU
		{41BBB6B5-5D06-4291-A820-C4F71E110ECC}.Debug|Any CPU.ActiveCfg = Debug|Any CPU
		{41BBB6B5-5D06-4291-A820-C4F71E110ECC}.Debug|Any CPU.Build.0 = Debug|Any CPU
		{41BBB6B5-5D06-4291-A820-C4F71E110ECC}.Release|Any CPU.ActiveCfg = Release|Any CPU
		{41BBB6B5-5D06-4291-A820-C4F71E110ECC}.Release|Any CPU.Build.0 = Release|Any CPU
		{74F861DE-2259-449B-BB95-F8A618A896B6}.Debug|Any CPU.ActiveCfg = Debug|Any CPU
		{74F861DE-2259-449B-BB95-F8A618A896B6}.Debug|Any CPU.Build.0 = Debug|Any CPU
		{74F861DE-2259-449B-BB95-F8A618A896B6}.Release|Any CPU.ActiveCfg = Release|Any CPU
		{74F861DE-2259-449B-BB95-F8A618A896B6}.Release|Any CPU.Build.0 = Release|Any CPU
	EndGlobalSection
	GlobalSection(SolutionProperties) = preSolution
		HideSolutionNode = FALSE
	EndGlobalSection
	GlobalSection(ExtensibilityGlobals) = postSolution
		SolutionGuid = {8B968CC5-AC5E-43F6-9CDB-805936F6BCE5}
	EndGlobalSection
	GlobalSection(TeamFoundationVersionControl) = preSolution
		SccNumberOfProjects = 5
		SccEnterpriseProvider = {4CA58AB2-18FA-4F8D-95D4-32DDF27D184C}
		SccTeamFoundationServer = https://dev.azure.com/trwinker
		SccLocalPath0 = .
		SccProjectUniqueName1 = Maps.csproj
		SccLocalPath1 = .
		SccProjectUniqueName2 = ..\\..\\CommonLibraries\\Core\\Core.csproj
		SccProjectName2 = ../../CommonLibraries/Core
		SccLocalPath2 = ..\\..\\CommonLibraries\\Core
		SccProjectUniqueName3 = Maps.Test\\Maps.Test.csproj
		SccProjectName3 = Maps.Test
		SccLocalPath3 = Maps.Test
		SccProjectUniqueName4 = ..\\..\\UnitTesting\\UnitTestingBase\\UnitTestingBase.csproj
		SccProjectName4 = ../../UnitTesting/UnitTestingBase
		SccLocalPath4 = ..\\..\\UnitTesting\\UnitTestingBase
	EndGlobalSection
EndGlobal
