
Microsoft Visual Studio Solution File, Format Version 12.00
# Visual Studio Version 17
VisualStudioVersion = 17.14.36408.4
MinimumVisualStudioVersion = 10.0.40219.1
Project("{FAE04EC0-301F-11D3-BF4B-00C04F79EFBC}") = "NeuralNetwork", "NeuralNetwork.csproj", "{4F6916D2-452C-4A85-A974-9350899C1A48}"
EndProject
Project("{FAE04EC0-301F-11D3-BF4B-00C04F79EFBC}") = "NeuralNetwork.Test", "NeuralNetwork.Test\NeuralNetwork.Test.csproj", "{5B7BF3C9-73FD-4DE6-98B8-C0044242EF41}"
EndProject
Project("{FAE04EC0-301F-11D3-BF4B-00C04F79EFBC}") = "Core", "..\Core\Core.csproj", "{D5731C0E-5492-25B1-FA4D-E8F72BDD01C6}"
EndProject
Global
	GlobalSection(SolutionConfigurationPlatforms) = preSolution
		Debug|Any CPU = Debug|Any CPU
		Release|Any CPU = Release|Any CPU
	EndGlobalSection
	GlobalSection(ProjectConfigurationPlatforms) = postSolution
		{4F6916D2-452C-4A85-A974-9350899C1A48}.Debug|Any CPU.ActiveCfg = Debug|Any CPU
		{4F6916D2-452C-4A85-A974-9350899C1A48}.Debug|Any CPU.Build.0 = Debug|Any CPU
		{4F6916D2-452C-4A85-A974-9350899C1A48}.Release|Any CPU.ActiveCfg = Release|Any CPU
		{4F6916D2-452C-4A85-A974-9350899C1A48}.Release|Any CPU.Build.0 = Release|Any CPU
		{5B7BF3C9-73FD-4DE6-98B8-C0044242EF41}.Debug|Any CPU.ActiveCfg = Debug|Any CPU
		{5B7BF3C9-73FD-4DE6-98B8-C0044242EF41}.Debug|Any CPU.Build.0 = Debug|Any CPU
		{5B7BF3C9-73FD-4DE6-98B8-C0044242EF41}.Release|Any CPU.ActiveCfg = Release|Any CPU
		{5B7BF3C9-73FD-4DE6-98B8-C0044242EF41}.Release|Any CPU.Build.0 = Release|Any CPU
		{D5731C0E-5492-25B1-FA4D-E8F72BDD01C6}.Debug|Any CPU.ActiveCfg = Debug|Any CPU
		{D5731C0E-5492-25B1-FA4D-E8F72BDD01C6}.Debug|Any CPU.Build.0 = Debug|Any CPU
		{D5731C0E-5492-25B1-FA4D-E8F72BDD01C6}.Release|Any CPU.ActiveCfg = Release|Any CPU
		{D5731C0E-5492-25B1-FA4D-E8F72BDD01C6}.Release|Any CPU.Build.0 = Release|Any CPU
	EndGlobalSection
	GlobalSection(SolutionProperties) = preSolution
		HideSolutionNode = FALSE
	EndGlobalSection
	GlobalSection(ExtensibilityGlobals) = postSolution
		SolutionGuid = {5024971B-5105-4512-AC8C-1215D351DA11}
	EndGlobalSection
EndGlobal
